{
  "version": 1,
  "dependencies": {
    ".NETFramework,Version=v4.8": {
      "DotNetNuke.Web": {
        "type": "Direct",
        "requested": "[10.2.2, )",
        "resolved": "10.2.2",
        "contentHash": "XDP/E8dWLfRiMwJHsW2+u9eZ5YKAW+TeM75XVK+N1iyH270+SCMfJKYjgsMzGJrEauov4ZTbK9m/s7PZnwyUvA==",
        "dependencies": {
          "DotNetNuke.Core": "10.2.2",
          "Microsoft.AspNet.WebApi.Core": "5.3.0"
        }
      },
      "Imageflow.NativeRuntime.win-arm64": {
        "type": "Direct",
        "requested": "[2.3.1-rc01, )",
        "resolved": "2.3.1-rc01",
        "contentHash": "8KyQf6Cn6uCN8+OcNeL6UCxNZ2yrY5JLO0dXlpjG9OoJ78GlUDywiCzn79a/NsJ//VJuJyPN5IfYvq55LoH41w=="
      },
      "Imageflow.NativeRuntime.win-x86": {
        "type": "Direct",
        "requested": "[2.3.1-rc01, )",
        "resolved": "2.3.1-rc01",
        "contentHash": "eo6ig4luDCMbevQTmn4BR/RjdQ/dmflHYU1Mn6gdI8yqRvTJ4ZiGMRF/tgIdigGprsr/IojhWpeWdohKIECbNA=="
      },
      "Imageflow.NativeRuntime.win-x86_64": {
        "type": "Direct",
        "requested": "[2.3.1-rc01, )",
        "resolved": "2.3.1-rc01",
        "contentHash": "rkUNn0BVgwobB05obVXEtrX4CvOpcIJ2A8InvO2vPJkRYgqjr5+GIKT0ItgCd90K30ozkWIyvG70KxDs/OL/dw=="
      },
      "Imageflow.Net": {
        "type": "Direct",
        "requested": "[0.15.1, )",
        "resolved": "0.15.1",
        "contentHash": "A+gdXZ4gxl++sjGEQIEh1r4CiRMBM5KD2Y0/993weNSPbfkUu+jrP4nGZ/nAOvjM/eRXFYP/gNnazaxDA2QeeQ==",
        "dependencies": {
          "Microsoft.IO.RecyclableMemoryStream": "[3.0.1, 4.0.0)",
          "System.Buffers": "4.6.1",
          "System.Memory": "4.6.3",
          "System.Text.Json": "8.0.6"
        }
      },
      "Imazen.HybridCache": {
        "type": "Direct",
        "requested": "[0.9.0, )",
        "resolved": "0.9.0",
        "contentHash": "jmsubjOWIy+0tzJc7AWLvgpBmj30w0t4oskU40ROUTmNucVU+otSkS+RxsJR/uTf9QcXX288tdsw8U+32EQN2w==",
        "dependencies": {
          "Imazen.Common": "0.9.0"
        }
      },
      "DotNetNuke.Core": {
        "type": "Transitive",
        "resolved": "10.2.2",
        "contentHash": "c5Q/8CTbeyonH1PycrmhzJ90VHlStX2tq7hDmPd+Y+QIrTfdoAN/BtKwoeq02uIo9jAjj4x1TVtjl5N5iJlPNQ==",
        "dependencies": {
          "DotNetNuke.DependencyInjection": "10.2.2"
        }
      },
      "DotNetNuke.DependencyInjection": {
        "type": "Transitive",
        "resolved": "10.2.2",
        "contentHash": "ZP+/NAoE3eA5q8JIVlabSlX9PxEMQhvTCg42A0mam0yn60W/DbxfPTVKhKnyGnze8c1GG2EGmkW9zHqlAFhIwA==",
        "dependencies": {
          "DotNetNuke.Instrumentation": "10.2.2",
          "Microsoft.Extensions.DependencyInjection": "8.0.0"
        }
      },
      "DotNetNuke.Instrumentation": {
        "type": "Transitive",
        "resolved": "10.2.2",
        "contentHash": "JhHRu0Qm9iIZyn/zKcaZ1cV+hKnkDRkkkk1zcjkhwE+izPN4TU8WX2UXJdfKTBvZTBJut61s9NDXlu4uBTr5Hg=="
      },
      "Imazen.Common": {
        "type": "Transitive",
        "resolved": "0.9.0",
        "contentHash": "zrfBs45C2nE3MqulRZLShJ1roSlbB4pOBcnazAZGf+Cw6JxrReGC8hZ83ObFuHmESPx4vMEtDtBDHpai/ADPVA==",
        "dependencies": {
          "Microsoft.Extensions.Hosting.Abstractions": "2.2.0"
        }
      },
      "Microsoft.AspNet.WebApi.Client": {
        "type": "Transitive",
        "resolved": "6.0.0",
        "contentHash": "zXeWP03dTo67AoDHUzR+/urck0KFssdCKOC+dq7Nv1V2YbFh/nIg09L0/3wSvyRONEdwxGB/ssEGmPNIIhAcAw==",
        "dependencies": {
          "Newtonsoft.Json": "13.0.1",
          "Newtonsoft.Json.Bson": "1.0.2",
          "System.Memory": "4.5.5",
          "System.Threading.Tasks.Extensions": "4.5.4"
        }
      },
      "Microsoft.AspNet.WebApi.Core": {
        "type": "Transitive",
        "resolved": "5.3.0",
        "contentHash": "h0oLsUFPgoB1R+6ichy1bniAs4oC6w6XrPsEgn+LuQBxBGskN0djSOSX7hzL8LTFEZUTdsh/3ShjRu1Mb2QRfw==",
        "dependencies": {
          "Microsoft.AspNet.WebApi.Client": "6.0.0"
        }
      },
      "Microsoft.Bcl.AsyncInterfaces": {
        "type": "Transitive",
        "resolved": "8.0.0",
        "contentHash": "3WA9q9yVqJp222P3x1wYIGDAkpjAku0TMUaaQV22g6L67AI0LdOIrVS7Ht2vJfLHGSPVuqN94vIr15qn+HEkHw==",
        "dependencies": {
          "System.Threading.Tasks.Extensions": "4.5.4"
        }
      },
      "Microsoft.Extensions.Configuration.Abstractions": {
        "type": "Transitive",
        "resolved": "2.2.0",
        "contentHash": "65MrmXCziWaQFrI0UHkQbesrX5wTwf9XPjY5yFm/VkgJKFJ5gqvXRoXjIZcf2wLi5ZlwGz/oMYfyURVCWbM5iw==",
        "dependencies": {
          "Microsoft.Extensions.Primitives": "2.2.0"
        }
      },
      "Microsoft.Extensions.DependencyInjection": {
        "type": "Transitive",
        "resolved": "8.0.0",
        "contentHash": "V8S3bsm50ig6JSyrbcJJ8bW2b9QLGouz+G1miK3UTaOWmMtFwNNNzUf4AleyDWUmTrWMLNnFSLEQtxmxgNQnNQ==",
        "dependencies": {
          "Microsoft.Bcl.AsyncInterfaces": "8.0.0",
          "Microsoft.Extensions.DependencyInjection.Abstractions": "8.0.0",
          "System.Threading.Tasks.Extensions": "4.5.4"
        }
      },
      "Microsoft.Extensions.DependencyInjection.Abstractions": {
        "type": "Transitive",
        "resolved": "8.0.0",
        "contentHash": "cjWrLkJXK0rs4zofsK4bSdg+jhDLTaxrkXu4gS6Y7MAlCvRyNNgwY/lJi5RDlQOnSZweHqoyvgvbdvQsRIW+hg==",
        "dependencies": {
          "Microsoft.Bcl.AsyncInterfaces": "8.0.0",
          "System.Threading.Tasks.Extensions": "4.5.4"
        }
      },
      "Microsoft.Extensions.FileProviders.Abstractions": {
        "type": "Transitive",
        "resolved": "2.2.0",
        "contentHash": "EcnaSsPTqx2MGnHrmWOD0ugbuuqVT8iICqSqPzi45V5/MA1LjUNb0kwgcxBGqizV1R+WeBK7/Gw25Jzkyk9bIw==",
        "dependencies": {
          "Microsoft.Extensions.Primitives": "2.2.0"
        }
      },
      "Microsoft.Extensions.Hosting.Abstractions": {
        "type": "Transitive",
        "resolved": "2.2.0",
        "contentHash": "+k4AEn68HOJat5gj1TWa6X28WlirNQO9sPIIeQbia+91n03esEtMSSoekSTpMjUzjqtJWQN3McVx0GvSPFHF/Q==",
        "dependencies": {
          "Microsoft.Extensions.Configuration.Abstractions": "2.2.0",
          "Microsoft.Extensions.DependencyInjection.Abstractions": "2.2.0",
          "Microsoft.Extensions.FileProviders.Abstractions": "2.2.0",
          "Microsoft.Extensions.Logging.Abstractions": "2.2.0"
        }
      },
      "Microsoft.Extensions.Logging.Abstractions": {
        "type": "Transitive",
        "resolved": "2.2.0",
        "contentHash": "B2WqEox8o+4KUOpL7rZPyh6qYjik8tHi2tN8Z9jZkHzED8ElYgZa/h6K+xliB435SqUcWT290Fr2aa8BtZjn8A=="
      },
      "Microsoft.Extensions.Primitives": {
        "type": "Transitive",
        "resolved": "2.2.0",
        "contentHash": "azyQtqbm4fSaDzZHD/J+V6oWMFaf2tWP4WEGIYePLCMw3+b2RQdj9ybgbQyjCshcitQKQ4lEDOZjmSlTTrHxUg==",
        "dependencies": {
          "System.Memory": "4.5.1",
          "System.Runtime.CompilerServices.Unsafe": "4.5.1"
        }
      },
      "Microsoft.IO.RecyclableMemoryStream": {
        "type": "Transitive",
        "resolved": "3.0.1",
        "contentHash": "s/s20YTVY9r9TPfTrN5g8zPF1YhwxyqO6PxUkrYTGI2B+OGPe9AdajWZrLhFqXIvqIW23fnUE4+ztrUWNU1+9g==",
        "dependencies": {
          "System.Memory": "4.5.5"
        }
      },
      "Newtonsoft.Json": {
        "type": "Transitive",
        "resolved": "13.0.1",
        "contentHash": "ppPFpBcvxdsfUonNcvITKqLl3bqxWbDCZIzDWHzjpdAHRFfZe0Dw9HmA0+za13IdyrgJwpkDTDA9fHaxOrt20A=="
      },
      "Newtonsoft.Json.Bson": {
        "type": "Transitive",
        "resolved": "1.0.2",
        "contentHash": "QYFyxhaABwmq3p/21VrZNYvCg3DaEoN/wUuw5nmfAf0X3HLjgupwhkEWdgfb9nvGAUIv3osmZoD3kKl4jxEmYQ==",
        "dependencies": {
          "Newtonsoft.Json": "12.0.1"
        }
      },
      "System.Buffers": {
        "type": "Transitive",
        "resolved": "4.6.1",
        "contentHash": "N8GXpmiLMtljq7gwvyS+1QvKT/W2J8sNAvx+HVg4NGmsG/H+2k/y9QI23auLJRterrzCiDH+IWAw4V/GPwsMlw=="
      },
      "System.Memory": {
        "type": "Transitive",
        "resolved": "4.6.3",
        "contentHash": "qdcDOgnFZY40+Q9876JUHnlHu7bosOHX8XISRoH94fwk6hgaeQGSgfZd8srWRZNt5bV9ZW2TljcegDNxsf+96A==",
        "dependencies": {
          "System.Buffers": "4.6.1",
          "System.Numerics.Vectors": "4.6.1",
          "System.Runtime.CompilerServices.Unsafe": "6.1.2"
        }
      },
      "System.Numerics.Vectors": {
        "type": "Transitive",
        "resolved": "4.6.1",
        "contentHash": "sQxefTnhagrhoq2ReR0D/6K0zJcr9Hrd6kikeXsA1I8kOCboTavcUC4r7TSfpKFeE163uMuxZcyfO1mGO3EN8Q=="
      },
      "System.Runtime.CompilerServices.Unsafe": {
        "type": "Transitive",
        "resolved": "6.1.2",
        "contentHash": "2hBr6zdbIBTDE3EhK7NSVNdX58uTK6iHW/P/Axmm9sl1xoGSLqDvMtpecn226TNwHByFokYwJmt/aQQNlO5CRw=="
      },
      "System.Text.Encodings.Web": {
        "type": "Transitive",
        "resolved": "8.0.0",
        "contentHash": "yev/k9GHAEGx2Rg3/tU6MQh4HGBXJs70y7j1LaM1i/ER9po+6nnQ6RRqTJn1E7Xu0fbIFK80Nh5EoODxrbxwBQ==",
        "dependencies": {
          "System.Buffers": "4.5.1",
          "System.Memory": "4.5.5",
          "System.Runtime.CompilerServices.Unsafe": "6.0.0"
        }
      },
      "System.Text.Json": {
        "type": "Transitive",
        "resolved": "8.0.6",
        "contentHash": "BvSpVBsVN9b+Y+wONbvJOHd1HjXQf33+XiC28ZMOwRsYb42mz3Q8YHnpTSwpwJLqYCMqM+0UUVC3V+pi25XfkQ==",
        "dependencies": {
          "Microsoft.Bcl.AsyncInterfaces": "8.0.0",
          "System.Buffers": "4.5.1",
          "System.Memory": "4.5.5",
          "System.Runtime.CompilerServices.Unsafe": "6.0.0",
          "System.Text.Encodings.Web": "8.0.0",
          "System.Threading.Tasks.Extensions": "4.5.4",
          "System.ValueTuple": "4.5.0"
        }
      },
      "System.Threading.Tasks.Extensions": {
        "type": "Transitive",
        "resolved": "4.5.4",
        "contentHash": "zteT+G8xuGu6mS+mzDzYXbzS7rd3K6Fjb9RiZlYlJPam2/hU7JCBZBVEcywNuR+oZ1ncTvc/cq0faRr3P01OVg==",
        "dependencies": {
          "System.Runtime.CompilerServices.Unsafe": "4.5.3"
        }
      },
      "System.ValueTuple": {
        "type": "Transitive",
        "resolved": "4.5.0",
        "contentHash": "okurQJO6NRE/apDIP23ajJ0hpiNmJ+f0BwOlB/cSqTLQlw5upkf+5+96+iG2Jw40G1fCVCyPz/FhIABUjMR+RQ=="
      }
    }
  }
}